
Microsoft Visual Studio Solution File, Format Version 12.00
# Visual Studio Version 17
VisualStudioVersion = 17.8.34309.116
MinimumVisualStudioVersion = 10.0.40219.1
Project("{FAE04EC0-301F-11D3-BF4B-00C04F79EFBC}") = "RestClientFactory", "RestClientFactory\RestClientFactory.csproj", "{BDA8C270-6F30-4BB8-8C23-D42E9D4CF289}"
EndProject
Global
	GlobalSection(SolutionConfigurationPlatforms) = preSolution
		Debug|Any CPU = Debug|Any CPU
		Release|Any CPU = Release|Any CPU
	EndGlobalSection
	GlobalSection(ProjectConfigurationPlatforms) = postSolution
		{BDA8C270-6F30-4BB8-8C23-D42E9D4CF289}.Debug|Any CPU.ActiveCfg = Debug|Any CPU
		{BDA8C270-6F30-4BB8-8C23-D42E9D4CF289}.Debug|Any CPU.Build.0 = Debug|Any CPU
		{BDA8C270-6F30-4BB8-8C23-D42E9D4CF289}.Release|Any CPU.ActiveCfg = Release|Any CPU
		{BDA8C270-6F30-4BB8-8C23-D42E9D4CF289}.Release|Any CPU.Build.0 = Release|Any CPU
	EndGlobalSection
	GlobalSection(SolutionProperties) = preSolution
		HideSolutionNode = FALSE
	EndGlobalSection
	GlobalSection(ExtensibilityGlobals) = postSolution
		SolutionGuid = {5A065CCB-E8AA-42C0-B553-01220F4D6966}
	EndGlobalSection
EndGlobal
